
Microsoft Visual Studio Solution File, Format Version 12.00
# Visual Studio Version 17
VisualStudioVersion = 17.6.33723.286
MinimumVisualStudioVersion = 10.0.40219.1
Project("{FAE04EC0-301F-11D3-BF4B-00C04F79EFBC}") = "CentralDeProdutos.Services.Api", "CentralDeProdutos.Services.Api\CentralDeProdutos.Services.Api.csproj", "{E382FD05-74DA-4E10-AE70-BAAA21C46B1D}"
EndProject
Project("{2150E333-8FDC-42A3-9474-1A3956D46DE8}") = "1 - API", "1 - API", "{77EA346A-4118-4637-A445-F3E48DF5A553}"
EndProject
Project("{2150E333-8FDC-42A3-9474-1A3956D46DE8}") = "2 - DDD", "2 - DDD", "{DF92713C-EF1F-4ED1-A514-E181BAB4DB7E}"
EndProject
Project("{2150E333-8FDC-42A3-9474-1A3956D46DE8}") = "2.1 - Application", "2.1 - Application", "{EBD07166-3E48-4C42-B87E-15F258C3DE50}"
EndProject
Project("{2150E333-8FDC-42A3-9474-1A3956D46DE8}") = "2.2 - Domain", "2.2 - Domain", "{4AF618D2-CBB7-48D5-A91E-28F01C39C9EF}"
EndProject
Project("{2150E333-8FDC-42A3-9474-1A3956D46DE8}") = "2.3 - InfraStructure", "2.3 - InfraStructure", "{94D64C96-B5B4-4048-B946-2818DBAF079E}"
EndProject
Project("{FAE04EC0-301F-11D3-BF4B-00C04F79EFBC}") = "CentralDeProdutos.Application", "CentralDeProdutos.Application\CentralDeProdutos.Application.csproj", "{64B91443-523B-4F76-9593-F2EEAD36A4A4}"
EndProject
Project("{FAE04EC0-301F-11D3-BF4B-00C04F79EFBC}") = "CentralDeProdutos.Domain", "CentralDeProdutos.Domain\CentralDeProdutos.Domain.csproj", "{D10C1AC4-7DA3-4ADC-956E-AFCEA8FFD724}"
EndProject
Project("{FAE04EC0-301F-11D3-BF4B-00C04F79EFBC}") = "CentralDeProdutos.Infra.Data", "CentralDeProdutos.Infra.Data\CentralDeProdutos.Infra.Data.csproj", "{B0CD1F8E-2884-4F2B-ACEA-4F36C9F8ADBE}"
EndProject
Global
	GlobalSection(SolutionConfigurationPlatforms) = preSolution
		Debug|Any CPU = Debug|Any CPU
		Release|Any CPU = Release|Any CPU
	EndGlobalSection
	GlobalSection(ProjectConfigurationPlatforms) = postSolution
		{E382FD05-74DA-4E10-AE70-BAAA21C46B1D}.Debug|Any CPU.ActiveCfg = Debug|Any CPU
		{E382FD05-74DA-4E10-AE70-BAAA21C46B1D}.Debug|Any CPU.Build.0 = Debug|Any CPU
		{E382FD05-74DA-4E10-AE70-BAAA21C46B1D}.Release|Any CPU.ActiveCfg = Release|Any CPU
		{E382FD05-74DA-4E10-AE70-BAAA21C46B1D}.Release|Any CPU.Build.0 = Release|Any CPU
		{64B91443-523B-4F76-9593-F2EEAD36A4A4}.Debug|Any CPU.ActiveCfg = Debug|Any CPU
		{64B91443-523B-4F76-9593-F2EEAD36A4A4}.Debug|Any CPU.Build.0 = Debug|Any CPU
		{64B91443-523B-4F76-9593-F2EEAD36A4A4}.Release|Any CPU.ActiveCfg = Release|Any CPU
		{64B91443-523B-4F76-9593-F2EEAD36A4A4}.Release|Any CPU.Build.0 = Release|Any CPU
		{D10C1AC4-7DA3-4ADC-956E-AFCEA8FFD724}.Debug|Any CPU.ActiveCfg = Debug|Any CPU
		{D10C1AC4-7DA3-4ADC-956E-AFCEA8FFD724}.Debug|Any CPU.Build.0 = Debug|Any CPU
		{D10C1AC4-7DA3-4ADC-956E-AFCEA8FFD724}.Release|Any CPU.ActiveCfg = Release|Any CPU
		{D10C1AC4-7DA3-4ADC-956E-AFCEA8FFD724}.Release|Any CPU.Build.0 = Release|Any CPU
		{B0CD1F8E-2884-4F2B-ACEA-4F36C9F8ADBE}.Debug|Any CPU.ActiveCfg = Debug|Any CPU
		{B0CD1F8E-2884-4F2B-ACEA-4F36C9F8ADBE}.Debug|Any CPU.Build.0 = Debug|Any CPU
		{B0CD1F8E-2884-4F2B-ACEA-4F36C9F8ADBE}.Release|Any CPU.ActiveCfg = Release|Any CPU
		{B0CD1F8E-2884-4F2B-ACEA-4F36C9F8ADBE}.Release|Any CPU.Build.0 = Release|Any CPU
	EndGlobalSection
	GlobalSection(SolutionProperties) = preSolution
		HideSolutionNode = FALSE
	EndGlobalSection
	GlobalSection(NestedProjects) = preSolution
		{E382FD05-74DA-4E10-AE70-BAAA21C46B1D} = {77EA346A-4118-4637-A445-F3E48DF5A553}
		{EBD07166-3E48-4C42-B87E-15F258C3DE50} = {DF92713C-EF1F-4ED1-A514-E181BAB4DB7E}
		{4AF618D2-CBB7-48D5-A91E-28F01C39C9EF} = {DF92713C-EF1F-4ED1-A514-E181BAB4DB7E}
		{94D64C96-B5B4-4048-B946-2818DBAF079E} = {DF92713C-EF1F-4ED1-A514-E181BAB4DB7E}
		{64B91443-523B-4F76-9593-F2EEAD36A4A4} = {EBD07166-3E48-4C42-B87E-15F258C3DE50}
		{D10C1AC4-7DA3-4ADC-956E-AFCEA8FFD724} = {4AF618D2-CBB7-48D5-A91E-28F01C39C9EF}
		{B0CD1F8E-2884-4F2B-ACEA-4F36C9F8ADBE} = {94D64C96-B5B4-4048-B946-2818DBAF079E}
	EndGlobalSection
	GlobalSection(ExtensibilityGlobals) = postSolution
		SolutionGuid = {5BE785D5-0C23-4D97-8137-DD1017758417}
	EndGlobalSection
EndGlobal
